
Microsoft Visual Studio Solution File, Format Version 12.00
# Visual Studio Version 17
VisualStudioVersion = 17.14.36623.8 d17.14
MinimumVisualStudioVersion = 10.0.40219.1
Project("{FAE04EC0-301F-11D3-BF4B-00C04F79EFBC}") = "FraudGraphAnalyzer", "FraudGraphAnalyzer\FraudGraphAnalyzer.csproj", "{BE10F96B-7C5F-479C-9431-83CAB496D081}"
EndProject
Global
	GlobalSection(SolutionConfigurationPlatforms) = preSolution
		Debug|Any CPU = Debug|Any CPU
		Release|Any CPU = Release|Any CPU
	EndGlobalSection
	GlobalSection(ProjectConfigurationPlatforms) = postSolution
		{BE10F96B-7C5F-479C-9431-83CAB496D081}.Debug|Any CPU.ActiveCfg = Debug|Any CPU
		{BE10F96B-7C5F-479C-9431-83CAB496D081}.Debug|Any CPU.Build.0 = Debug|Any CPU
		{BE10F96B-7C5F-479C-9431-83CAB496D081}.Release|Any CPU.ActiveCfg = Release|Any CPU
		{BE10F96B-7C5F-479C-9431-83CAB496D081}.Release|Any CPU.Build.0 = Release|Any CPU
	EndGlobalSection
	GlobalSection(SolutionProperties) = preSolution
		HideSolutionNode = FALSE
	EndGlobalSection
	GlobalSection(ExtensibilityGlobals) = postSolution
		SolutionGuid = {76B2DB64-55AD-4FDC-BDF2-3F2E741D09D9}
	EndGlobalSection
EndGlobal
